
Microsoft Visual Studio Solution File, Format Version 12.00
# Visual Studio Version 17
VisualStudioVersion = 17.0.31903.59
MinimumVisualStudioVersion = 10.0.40219.1
Project("{F2A71F9B-5D33-465A-A702-920D77279786}") = "Part1", "Part1\Part1.fsproj", "{3CEBD370-8392-49B5-88E5-A7CF97260D75}"
EndProject
Project("{F2A71F9B-5D33-465A-A702-920D77279786}") = "Part2", "Part2\Part2.fsproj", "{A6FC4F33-9EF0-49D0-A31B-FF5893D4B676}"
EndProject
Global
	GlobalSection(SolutionConfigurationPlatforms) = preSolution
		Debug|Any CPU = Debug|Any CPU
		Release|Any CPU = Release|Any CPU
	EndGlobalSection
	GlobalSection(SolutionProperties) = preSolution
		HideSolutionNode = FALSE
	EndGlobalSection
	GlobalSection(ProjectConfigurationPlatforms) = postSolution
		{3CEBD370-8392-49B5-88E5-A7CF97260D75}.Debug|Any CPU.ActiveCfg = Debug|Any CPU
		{3CEBD370-8392-49B5-88E5-A7CF97260D75}.Debug|Any CPU.Build.0 = Debug|Any CPU
		{3CEBD370-8392-49B5-88E5-A7CF97260D75}.Release|Any CPU.ActiveCfg = Release|Any CPU
		{3CEBD370-8392-49B5-88E5-A7CF97260D75}.Release|Any CPU.Build.0 = Release|Any CPU
		{A6FC4F33-9EF0-49D0-A31B-FF5893D4B676}.Debug|Any CPU.ActiveCfg = Debug|Any CPU
		{A6FC4F33-9EF0-49D0-A31B-FF5893D4B676}.Debug|Any CPU.Build.0 = Debug|Any CPU
		{A6FC4F33-9EF0-49D0-A31B-FF5893D4B676}.Release|Any CPU.ActiveCfg = Release|Any CPU
		{A6FC4F33-9EF0-49D0-A31B-FF5893D4B676}.Release|Any CPU.Build.0 = Release|Any CPU
	EndGlobalSection
EndGlobal
